
Microsoft Visual Studio Solution File, Format Version 12.00
# Visual Studio Version 17
VisualStudioVersion = 17.11.35431.28
MinimumVisualStudioVersion = 10.0.40219.1
Project("{FAE04EC0-301F-11D3-BF4B-00C04F79EFBC}") = "zadanie2.4", "zadanie2.4.csproj", "{6A8883AC-DC9B-4B30-B1F3-944D1BCF7176}"
EndProject
Global
	GlobalSection(SolutionConfigurationPlatforms) = preSolution
		Debug|Any CPU = Debug|Any CPU
		Release|Any CPU = Release|Any CPU
	EndGlobalSection
	GlobalSection(ProjectConfigurationPlatforms) = postSolution
		{6A8883AC-DC9B-4B30-B1F3-944D1BCF7176}.Debug|Any CPU.ActiveCfg = Debug|Any CPU
		{6A8883AC-DC9B-4B30-B1F3-944D1BCF7176}.Debug|Any CPU.Build.0 = Debug|Any CPU
		{6A8883AC-DC9B-4B30-B1F3-944D1BCF7176}.Release|Any CPU.ActiveCfg = Release|Any CPU
		{6A8883AC-DC9B-4B30-B1F3-944D1BCF7176}.Release|Any CPU.Build.0 = Release|Any CPU
	EndGlobalSection
	GlobalSection(SolutionProperties) = preSolution
		HideSolutionNode = FALSE
	EndGlobalSection
	GlobalSection(ExtensibilityGlobals) = postSolution
		SolutionGuid = {E5BCD4F0-A6ED-4BF2-9B70-C99EB12589D3}
	EndGlobalSection
EndGlobal
